
Microsoft Visual Studio Solution File, Format Version 12.00
# Visual Studio Version 16
VisualStudioVersion = 16.0.32929.386
MinimumVisualStudioVersion = 10.0.40219.1
Project("{2150E333-8FDC-42A3-9474-1A3956D46DE8}") = "01. Clients", "01. Clients", "{2C672282-0422-41AC-BBD9-16472F0FC830}"
EndProject
Project("{2150E333-8FDC-42A3-9474-1A3956D46DE8}") = "02. Api.Gateways", "02. Api.Gateways", "{4995A7ED-EC5B-4DCE-9D75-0E01C4DF343E}"
EndProject
Project("{2150E333-8FDC-42A3-9474-1A3956D46DE8}") = "03. Services", "03. Services", "{694EADDA-340B-435D-86CA-243C042EE712}"
EndProject
Project("{2150E333-8FDC-42A3-9474-1A3956D46DE8}") = "01. Identity", "01. Identity", "{094F0AE2-4611-4A67-836E-921554D24F27}"
EndProject
Project("{2150E333-8FDC-42A3-9474-1A3956D46DE8}") = "02. Catalog", "02. Catalog", "{3DE6B7EC-CBB6-47DD-B179-7CAF69EC1DB3}"
EndProject
Project("{2150E333-8FDC-42A3-9474-1A3956D46DE8}") = "03. Customer", "03. Customer", "{7AF30503-20C7-496B-AD10-8266883B8541}"
EndProject
Project("{2150E333-8FDC-42A3-9474-1A3956D46DE8}") = "04. Order", "04. Order", "{F2AA74B4-6746-4E5D-8631-67738DA3710A}"
EndProject
Project("{9A19103F-16F7-4668-BE54-9A1E7A4F7556}") = "Catalog.Api", "src\Services\Catalog\Catalog.Api\Catalog.Api.csproj", "{C3660512-01FA-489B-B330-0FCF97EBCC77}"
EndProject
Project("{2150E333-8FDC-42A3-9474-1A3956D46DE8}") = "01. API", "01. API", "{32692426-460D-41D6-B87B-E462F80E8BC7}"
EndProject
Project("{2150E333-8FDC-42A3-9474-1A3956D46DE8}") = "02. Services", "02. Services", "{DCAF7C95-9D19-46F4-99C2-2644CE7B27BB}"
EndProject
Project("{2150E333-8FDC-42A3-9474-1A3956D46DE8}") = "03. Persistence", "03. Persistence", "{7C1BFBC6-97FA-40A0-8C14-C7665190033C}"
EndProject
Project("{2150E333-8FDC-42A3-9474-1A3956D46DE8}") = "04. Models", "04. Models", "{31BB45DB-13BC-4D9A-AB7B-77DADD734F61}"
EndProject
Project("{9A19103F-16F7-4668-BE54-9A1E7A4F7556}") = "Catalog.Domain", "src\Services\Catalog\Catalog.Domain\Catalog.Domain.csproj", "{43A0877C-C4BB-4693-9D75-60C8556CC2AC}"
EndProject
Project("{9A19103F-16F7-4668-BE54-9A1E7A4F7556}") = "Catalog.Persistence.Database", "src\Services\Catalog\Catalog.Persistence.Database\Catalog.Persistence.Database.csproj", "{6D372130-4590-4261-9BC5-97E7F23FC9C7}"
	ProjectSection(ProjectDependencies) = postProject
		{43A0877C-C4BB-4693-9D75-60C8556CC2AC} = {43A0877C-C4BB-4693-9D75-60C8556CC2AC}
	EndProjectSection
EndProject
Global
	GlobalSection(SolutionConfigurationPlatforms) = preSolution
		Debug|Any CPU = Debug|Any CPU
		Release|Any CPU = Release|Any CPU
	EndGlobalSection
	GlobalSection(ProjectConfigurationPlatforms) = postSolution
		{C3660512-01FA-489B-B330-0FCF97EBCC77}.Debug|Any CPU.ActiveCfg = Debug|Any CPU
		{C3660512-01FA-489B-B330-0FCF97EBCC77}.Debug|Any CPU.Build.0 = Debug|Any CPU
		{C3660512-01FA-489B-B330-0FCF97EBCC77}.Release|Any CPU.ActiveCfg = Release|Any CPU
		{C3660512-01FA-489B-B330-0FCF97EBCC77}.Release|Any CPU.Build.0 = Release|Any CPU
		{43A0877C-C4BB-4693-9D75-60C8556CC2AC}.Debug|Any CPU.ActiveCfg = Debug|Any CPU
		{43A0877C-C4BB-4693-9D75-60C8556CC2AC}.Debug|Any CPU.Build.0 = Debug|Any CPU
		{43A0877C-C4BB-4693-9D75-60C8556CC2AC}.Release|Any CPU.ActiveCfg = Release|Any CPU
		{43A0877C-C4BB-4693-9D75-60C8556CC2AC}.Release|Any CPU.Build.0 = Release|Any CPU
		{6D372130-4590-4261-9BC5-97E7F23FC9C7}.Debug|Any CPU.ActiveCfg = Debug|Any CPU
		{6D372130-4590-4261-9BC5-97E7F23FC9C7}.Debug|Any CPU.Build.0 = Debug|Any CPU
		{6D372130-4590-4261-9BC5-97E7F23FC9C7}.Release|Any CPU.ActiveCfg = Release|Any CPU
		{6D372130-4590-4261-9BC5-97E7F23FC9C7}.Release|Any CPU.Build.0 = Release|Any CPU
	EndGlobalSection
	GlobalSection(SolutionProperties) = preSolution
		HideSolutionNode = FALSE
	EndGlobalSection
	GlobalSection(NestedProjects) = preSolution
		{094F0AE2-4611-4A67-836E-921554D24F27} = {694EADDA-340B-435D-86CA-243C042EE712}
		{3DE6B7EC-CBB6-47DD-B179-7CAF69EC1DB3} = {694EADDA-340B-435D-86CA-243C042EE712}
		{7AF30503-20C7-496B-AD10-8266883B8541} = {694EADDA-340B-435D-86CA-243C042EE712}
		{F2AA74B4-6746-4E5D-8631-67738DA3710A} = {694EADDA-340B-435D-86CA-243C042EE712}
		{C3660512-01FA-489B-B330-0FCF97EBCC77} = {32692426-460D-41D6-B87B-E462F80E8BC7}
		{32692426-460D-41D6-B87B-E462F80E8BC7} = {3DE6B7EC-CBB6-47DD-B179-7CAF69EC1DB3}
		{DCAF7C95-9D19-46F4-99C2-2644CE7B27BB} = {3DE6B7EC-CBB6-47DD-B179-7CAF69EC1DB3}
		{7C1BFBC6-97FA-40A0-8C14-C7665190033C} = {3DE6B7EC-CBB6-47DD-B179-7CAF69EC1DB3}
		{31BB45DB-13BC-4D9A-AB7B-77DADD734F61} = {3DE6B7EC-CBB6-47DD-B179-7CAF69EC1DB3}
		{43A0877C-C4BB-4693-9D75-60C8556CC2AC} = {31BB45DB-13BC-4D9A-AB7B-77DADD734F61}
		{6D372130-4590-4261-9BC5-97E7F23FC9C7} = {7C1BFBC6-97FA-40A0-8C14-C7665190033C}
	EndGlobalSection
	GlobalSection(ExtensibilityGlobals) = postSolution
		SolutionGuid = {17D09631-0A04-40DE-A996-BC77AFB09C89}
	EndGlobalSection
EndGlobal
